
Microsoft Visual Studio Solution File, Format Version 12.00
# Visual Studio Version 16
VisualStudioVersion = 16.0.29613.14
MinimumVisualStudioVersion = 10.0.40219.1
Project("{FAE04EC0-301F-11D3-BF4B-00C04F79EFBC}") = "DemoProject.Android", "DemoProject.Android\DemoProject.Android.csproj", "{6B7379A2-0508-4043-BF95-4DA2734A66E2}"
EndProject
Project("{FAE04EC0-301F-11D3-BF4B-00C04F79EFBC}") = "DemoProject.iOS", "DemoProject.iOS\DemoProject.iOS.csproj", "{6528433B-D76A-451C-8918-B1DB533FD2F4}"
EndProject
Project("{FAE04EC0-301F-11D3-BF4B-00C04F79EFBC}") = "DemoProject", "DemoProject\DemoProject.csproj", "{27C7FEEE-FE73-420E-AFDA-44F915F9F723}"
EndProject
Global
	GlobalSection(SolutionConfigurationPlatforms) = preSolution
		Debug|Any CPU = Debug|Any CPU
		Debug|iPhone = Debug|iPhone
		Debug|iPhoneSimulator = Debug|iPhoneSimulator
		Release|Any CPU = Release|Any CPU
		Release|iPhone = Release|iPhone
		Release|iPhoneSimulator = Release|iPhoneSimulator
	EndGlobalSection
	GlobalSection(ProjectConfigurationPlatforms) = postSolution
		{6B7379A2-0508-4043-BF95-4DA2734A66E2}.Debug|Any CPU.ActiveCfg = Debug|Any CPU
		{6B7379A2-0508-4043-BF95-4DA2734A66E2}.Debug|Any CPU.Build.0 = Debug|Any CPU
		{6B7379A2-0508-4043-BF95-4DA2734A66E2}.Debug|Any CPU.Deploy.0 = Debug|Any CPU
		{6B7379A2-0508-4043-BF95-4DA2734A66E2}.Debug|iPhone.ActiveCfg = Debug|Any CPU
		{6B7379A2-0508-4043-BF95-4DA2734A66E2}.Debug|iPhone.Build.0 = Debug|Any CPU
		{6B7379A2-0508-4043-BF95-4DA2734A66E2}.Debug|iPhone.Deploy.0 = Debug|Any CPU
		{6B7379A2-0508-4043-BF95-4DA2734A66E2}.Debug|iPhoneSimulator.ActiveCfg = Debug|Any CPU
		{6B7379A2-0508-4043-BF95-4DA2734A66E2}.Debug|iPhoneSimulator.Build.0 = Debug|Any CPU
		{6B7379A2-0508-4043-BF95-4DA2734A66E2}.Debug|iPhoneSimulator.Deploy.0 = Debug|Any CPU
		{6B7379A2-0508-4043-BF95-4DA2734A66E2}.Release|Any CPU.ActiveCfg = Release|Any CPU
		{6B7379A2-0508-4043-BF95-4DA2734A66E2}.Release|Any CPU.Build.0 = Release|Any CPU
		{6B7379A2-0508-4043-BF95-4DA2734A66E2}.Release|Any CPU.Deploy.0 = Release|Any CPU
		{6B7379A2-0508-4043-BF95-4DA2734A66E2}.Release|iPhone.ActiveCfg = Release|Any CPU
		{6B7379A2-0508-4043-BF95-4DA2734A66E2}.Release|iPhone.Build.0 = Release|Any CPU
		{6B7379A2-0508-4043-BF95-4DA2734A66E2}.Release|iPhone.Deploy.0 = Release|Any CPU
		{6B7379A2-0508-4043-BF95-4DA2734A66E2}.Release|iPhoneSimulator.ActiveCfg = Release|Any CPU
		{6B7379A2-0508-4043-BF95-4DA2734A66E2}.Release|iPhoneSimulator.Build.0 = Release|Any CPU
		{6B7379A2-0508-4043-BF95-4DA2734A66E2}.Release|iPhoneSimulator.Deploy.0 = Release|Any CPU
		{6528433B-D76A-451C-8918-B1DB533FD2F4}.Debug|Any CPU.ActiveCfg = Debug|iPhoneSimulator
		{6528433B-D76A-451C-8918-B1DB533FD2F4}.Debug|Any CPU.Build.0 = Debug|iPhoneSimulator
		{6528433B-D76A-451C-8918-B1DB533FD2F4}.Debug|Any CPU.Deploy.0 = Debug|iPhoneSimulator
		{6528433B-D76A-451C-8918-B1DB533FD2F4}.Debug|iPhone.ActiveCfg = Debug|iPhone
		{6528433B-D76A-451C-8918-B1DB533FD2F4}.Debug|iPhone.Build.0 = Debug|iPhone
		{6528433B-D76A-451C-8918-B1DB533FD2F4}.Debug|iPhone.Deploy.0 = Debug|iPhone
		{6528433B-D76A-451C-8918-B1DB533FD2F4}.Debug|iPhoneSimulator.ActiveCfg = Debug|iPhoneSimulator
		{6528433B-D76A-451C-8918-B1DB533FD2F4}.Debug|iPhoneSimulator.Build.0 = Debug|iPhoneSimulator
		{6528433B-D76A-451C-8918-B1DB533FD2F4}.Debug|iPhoneSimulator.Deploy.0 = Debug|iPhoneSimulator
		{6528433B-D76A-451C-8918-B1DB533FD2F4}.Release|Any CPU.ActiveCfg = Release|iPhone
		{6528433B-D76A-451C-8918-B1DB533FD2F4}.Release|Any CPU.Build.0 = Release|iPhone
		{6528433B-D76A-451C-8918-B1DB533FD2F4}.Release|Any CPU.Deploy.0 = Release|iPhone
		{6528433B-D76A-451C-8918-B1DB533FD2F4}.Release|iPhone.ActiveCfg = Release|iPhone
		{6528433B-D76A-451C-8918-B1DB533FD2F4}.Release|iPhone.Build.0 = Release|iPhone
		{6528433B-D76A-451C-8918-B1DB533FD2F4}.Release|iPhone.Deploy.0 = Release|iPhone
		{6528433B-D76A-451C-8918-B1DB533FD2F4}.Release|iPhoneSimulator.ActiveCfg = Release|iPhoneSimulator
		{6528433B-D76A-451C-8918-B1DB533FD2F4}.Release|iPhoneSimulator.Build.0 = Release|iPhoneSimulator
		{6528433B-D76A-451C-8918-B1DB533FD2F4}.Release|iPhoneSimulator.Deploy.0 = Release|iPhoneSimulator
		{27C7FEEE-FE73-420E-AFDA-44F915F9F723}.Debug|Any CPU.ActiveCfg = Debug|Any CPU
		{27C7FEEE-FE73-420E-AFDA-44F915F9F723}.Debug|Any CPU.Build.0 = Debug|Any CPU
		{27C7FEEE-FE73-420E-AFDA-44F915F9F723}.Debug|Any CPU.Deploy.0 = Debug|Any CPU
		{27C7FEEE-FE73-420E-AFDA-44F915F9F723}.Debug|iPhone.ActiveCfg = Debug|Any CPU
		{27C7FEEE-FE73-420E-AFDA-44F915F9F723}.Debug|iPhone.Build.0 = Debug|Any CPU
		{27C7FEEE-FE73-420E-AFDA-44F915F9F723}.Debug|iPhone.Deploy.0 = Debug|Any CPU
		{27C7FEEE-FE73-420E-AFDA-44F915F9F723}.Debug|iPhoneSimulator.ActiveCfg = Debug|Any CPU
		{27C7FEEE-FE73-420E-AFDA-44F915F9F723}.Debug|iPhoneSimulator.Build.0 = Debug|Any CPU
		{27C7FEEE-FE73-420E-AFDA-44F915F9F723}.Debug|iPhoneSimulator.Deploy.0 = Debug|Any CPU
		{27C7FEEE-FE73-420E-AFDA-44F915F9F723}.Release|Any CPU.ActiveCfg = Release|Any CPU
		{27C7FEEE-FE73-420E-AFDA-44F915F9F723}.Release|Any CPU.Build.0 = Release|Any CPU
		{27C7FEEE-FE73-420E-AFDA-44F915F9F723}.Release|Any CPU.Deploy.0 = Release|Any CPU
		{27C7FEEE-FE73-420E-AFDA-44F915F9F723}.Release|iPhone.ActiveCfg = Release|Any CPU
		{27C7FEEE-FE73-420E-AFDA-44F915F9F723}.Release|iPhone.Build.0 = Release|Any CPU
		{27C7FEEE-FE73-420E-AFDA-44F915F9F723}.Release|iPhone.Deploy.0 = Release|Any CPU
		{27C7FEEE-FE73-420E-AFDA-44F915F9F723}.Release|iPhoneSimulator.ActiveCfg = Release|Any CPU
		{27C7FEEE-FE73-420E-AFDA-44F915F9F723}.Release|iPhoneSimulator.Build.0 = Release|Any CPU
		{27C7FEEE-FE73-420E-AFDA-44F915F9F723}.Release|iPhoneSimulator.Deploy.0 = Release|Any CPU
	EndGlobalSection
	GlobalSection(SolutionProperties) = preSolution
		HideSolutionNode = FALSE
	EndGlobalSection
	GlobalSection(ExtensibilityGlobals) = postSolution
		SolutionGuid = {55CA407C-BAA7-49E3-90E8-D775DD9A446E}
	EndGlobalSection
EndGlobal
